
Microsoft Visual Studio Solution File, Format Version 12.00
# Visual Studio Version 16
VisualStudioVersion = 16.0.30717.126
MinimumVisualStudioVersion = 10.0.40219.1
Project("{FAE04EC0-301F-11D3-BF4B-00C04F79EFBC}") = "AlgorithmesDeTri", "AlgorithmesDeTri\AlgorithmesDeTri.csproj", "{9C2BA829-475F-4470-AB6A-6BE66E250A6F}"
EndProject
Global
	GlobalSection(SolutionConfigurationPlatforms) = preSolution
		Debug|Any CPU = Debug|Any CPU
		Release|Any CPU = Release|Any CPU
	EndGlobalSection
	GlobalSection(ProjectConfigurationPlatforms) = postSolution
		{9C2BA829-475F-4470-AB6A-6BE66E250A6F}.Debug|Any CPU.ActiveCfg = Debug|Any CPU
		{9C2BA829-475F-4470-AB6A-6BE66E250A6F}.Debug|Any CPU.Build.0 = Debug|Any CPU
		{9C2BA829-475F-4470-AB6A-6BE66E250A6F}.Release|Any CPU.ActiveCfg = Release|Any CPU
		{9C2BA829-475F-4470-AB6A-6BE66E250A6F}.Release|Any CPU.Build.0 = Release|Any CPU
	EndGlobalSection
	GlobalSection(SolutionProperties) = preSolution
		HideSolutionNode = FALSE
	EndGlobalSection
	GlobalSection(ExtensibilityGlobals) = postSolution
		SolutionGuid = {83F6E4CE-2B51-4715-90FB-CE4DC65B895B}
	EndGlobalSection
EndGlobal
